// !$*UTF8*$!
{
	archiveVersion = 1;
	classes = {
	};
	objectVersion = 52;
	objects = {

/* Begin PBXBuildFile section */
		2039024225FB04740003DC68 /* AppDelegate.swift in Sources */ = {isa = PBXBuildFile; fileRef = 2039024125FB04740003DC68 /* AppDelegate.swift */; };
		2039024425FB04740003DC68 /* ViewController.swift in Sources */ = {isa = PBXBuildFile; fileRef = 2039024325FB04740003DC68 /* ViewController.swift */; };
		2039024625FB04750003DC68 /* Assets.xcassets in Resources */ = {isa = PBXBuildFile; fileRef = 2039024525FB04750003DC68 /* Assets.xcassets */; };
		2039024925FB04750003DC68 /* Main.storyboard in Resources */ = {isa = PBXBuildFile; fileRef = 2039024725FB04750003DC68 /* Main.storyboard */; };
		205F508925FC720B000A2994 /* PromiseKit in Frameworks */ = {isa = PBXBuildFile; productRef = 205F508825FC720B000A2994 /* PromiseKit */; };
		205F508C25FC772F000A2994 /* dem.mp3 in Resources */ = {isa = PBXBuildFile; fileRef = 205F508B25FC772F000A2994 /* dem.mp3 */; };
		208E67C625FB115500531FAD /* add.txt in Resources */ = {isa = PBXBuildFile; fileRef = 208E67C525FB115500531FAD /* add.txt */; };
		20DD8A9E25FBAA8300ADC307 /* Alamofire in Frameworks */ = {isa = PBXBuildFile; productRef = 20DD8A9D25FBAA8300ADC307 /* Alamofire */; };
		20DD8AA125FBB05A00ADC307 /* CommonAuthorization.swift in Sources */ = {isa = PBXBuildFile; fileRef = 20DD8AA025FBB05A00ADC307 /* CommonAuthorization.swift */; };
		20DD8AAB25FBCA2A00ADC307 /* AVFoundation.framework in Frameworks */ = {isa = PBXBuildFile; fileRef = 20DD8AAA25FBCA2A00ADC307 /* AVFoundation.framework */; };
		20DD8AB025FBCA8600ADC307 /* ok.mp3 in Resources */ = {isa = PBXBuildFile; fileRef = 20DD8AAE25FBCA8600ADC307 /* ok.mp3 */; };
		20DD8AB125FBCA8600ADC307 /* doi.mp3 in Resources */ = {isa = PBXBuildFile; fileRef = 20DD8AAF25FBCA8600ADC307 /* doi.mp3 */; };
/* End PBXBuildFile section */

/* Begin PBXFileReference section */
		2039023E25FB04740003DC68 /* Gen Data.app */ = {isa = PBXFileReference; explicitFileType = wrapper.application; includeInIndex = 0; path = "Gen Data.app"; sourceTree = BUILT_PRODUCTS_DIR; };
		2039024125FB04740003DC68 /* AppDelegate.swift */ = {isa = PBXFileReference; lastKnownFileType = sourcecode.swift; path = AppDelegate.swift; sourceTree = "<group>"; };
		2039024325FB04740003DC68 /* ViewController.swift */ = {isa = PBXFileReference; lastKnownFileType = sourcecode.swift; path = ViewController.swift; sourceTree = "<group>"; };
		2039024525FB04750003DC68 /* Assets.xcassets */ = {isa = PBXFileReference; lastKnownFileType = folder.assetcatalog; path = Assets.xcassets; sourceTree = "<group>"; };
		2039024825FB04750003DC68 /* Base */ = {isa = PBXFileReference; lastKnownFileType = file.storyboard; name = Base; path = Base.lproj/Main.storyboard; sourceTree = "<group>"; };
		2039024A25FB04750003DC68 /* Info.plist */ = {isa = PBXFileReference; lastKnownFileType = text.plist.xml; path = Info.plist; sourceTree = "<group>"; };
		2039024B25FB04750003DC68 /* Gen_Data.entitlements */ = {isa = PBXFileReference; lastKnownFileType = text.plist.entitlements; path = Gen_Data.entitlements; sourceTree = "<group>"; };
		205F508B25FC772F000A2994 /* dem.mp3 */ = {isa = PBXFileReference; lastKnownFileType = audio.mp3; path = dem.mp3; sourceTree = "<group>"; };
		208E67C525FB115500531FAD /* add.txt */ = {isa = PBXFileReference; lastKnownFileType = text; path = add.txt; sourceTree = "<group>"; };
		20DD8AA025FBB05A00ADC307 /* CommonAuthorization.swift */ = {isa = PBXFileReference; lastKnownFileType = sourcecode.swift; path = CommonAuthorization.swift; sourceTree = "<group>"; };
		20DD8AAA25FBCA2A00ADC307 /* AVFoundation.framework */ = {isa = PBXFileReference; lastKnownFileType = wrapper.framework; name = AVFoundation.framework; path = System/Library/Frameworks/AVFoundation.framework; sourceTree = SDKROOT; };
		20DD8AAE25FBCA8600ADC307 /* ok.mp3 */ = {isa = PBXFileReference; lastKnownFileType = audio.mp3; path = ok.mp3; sourceTree = "<group>"; };
		20DD8AAF25FBCA8600ADC307 /* doi.mp3 */ = {isa = PBXFileReference; lastKnownFileType = audio.mp3; path = doi.mp3; sourceTree = "<group>"; };
/* End PBXFileReference section */

/* Begin PBXFrameworksBuildPhase section */
		2039023B25FB04740003DC68 /* Frameworks */ = {
			isa = PBXFrameworksBuildPhase;
			buildActionMask = 2147483647;
			files = (
				20DD8AAB25FBCA2A00ADC307 /* AVFoundation.framework in Frameworks */,
				205F508925FC720B000A2994 /* PromiseKit in Frameworks */,
				20DD8A9E25FBAA8300ADC307 /* Alamofire in Frameworks */,
			);
			runOnlyForDeploymentPostprocessing = 0;
		};
/* End PBXFrameworksBuildPhase section */

/* Begin PBXGroup section */
		2039023525FB04740003DC68 = {
			isa = PBXGroup;
			children = (
				2039024025FB04740003DC68 /* Gen Data */,
				2039023F25FB04740003DC68 /* Products */,
				20DD8AA925FBCA2A00ADC307 /* Frameworks */,
			);
			sourceTree = "<group>";
		};
		2039023F25FB04740003DC68 /* Products */ = {
			isa = PBXGroup;
			children = (
				2039023E25FB04740003DC68 /* Gen Data.app */,
			);
			name = Products;
			sourceTree = "<group>";
		};
		2039024025FB04740003DC68 /* Gen Data */ = {
			isa = PBXGroup;
			children = (
				20DD8AAF25FBCA8600ADC307 /* doi.mp3 */,
				205F508B25FC772F000A2994 /* dem.mp3 */,
				20DD8AAE25FBCA8600ADC307 /* ok.mp3 */,
				2039024125FB04740003DC68 /* AppDelegate.swift */,
				2039024325FB04740003DC68 /* ViewController.swift */,
				2039024525FB04750003DC68 /* Assets.xcassets */,
				2039024725FB04750003DC68 /* Main.storyboard */,
				2039024A25FB04750003DC68 /* Info.plist */,
				2039024B25FB04750003DC68 /* Gen_Data.entitlements */,
				208E67C525FB115500531FAD /* add.txt */,
				20DD8AA025FBB05A00ADC307 /* CommonAuthorization.swift */,
			);
			path = "Gen Data";
			sourceTree = "<group>";
		};
		20DD8AA925FBCA2A00ADC307 /* Frameworks */ = {
			isa = PBXGroup;
			children = (
				20DD8AAA25FBCA2A00ADC307 /* AVFoundation.framework */,
			);
			name = Frameworks;
			sourceTree = "<group>";
		};
/* End PBXGroup section */

/* Begin PBXNativeTarget section */
		2039023D25FB04740003DC68 /* Gen Data */ = {
			isa = PBXNativeTarget;
			buildConfigurationList = 2039024E25FB04750003DC68 /* Build configuration list for PBXNativeTarget "Gen Data" */;
			buildPhases = (
				2039023A25FB04740003DC68 /* Sources */,
				2039023B25FB04740003DC68 /* Frameworks */,
				2039023C25FB04740003DC68 /* Resources */,
			);
			buildRules = (
			);
			dependencies = (
			);
			name = "Gen Data";
			packageProductDependencies = (
				20DD8A9D25FBAA8300ADC307 /* Alamofire */,
				205F508825FC720B000A2994 /* PromiseKit */,
			);
			productName = "Gen Data";
			productReference = 2039023E25FB04740003DC68 /* Gen Data.app */;
			productType = "com.apple.product-type.application";
		};
/* End PBXNativeTarget section */

/* Begin PBXProject section */
		2039023625FB04740003DC68 /* Project object */ = {
			isa = PBXProject;
			attributes = {
				LastSwiftUpdateCheck = 1240;
				LastUpgradeCheck = 1240;
				TargetAttributes = {
					2039023D25FB04740003DC68 = {
						CreatedOnToolsVersion = 12.4;
					};
				};
			};
			buildConfigurationList = 2039023925FB04740003DC68 /* Build configuration list for PBXProject "Gen Data" */;
			compatibilityVersion = "Xcode 9.3";
			developmentRegion = en;
			hasScannedForEncodings = 0;
			knownRegions = (
				en,
				Base,
			);
			mainGroup = 2039023525FB04740003DC68;
			packageReferences = (
				20DD8A9C25FBAA8300ADC307 /* XCRemoteSwiftPackageReference "Alamofire" */,
				205F508725FC720B000A2994 /* XCRemoteSwiftPackageReference "PromiseKit" */,
			);
			productRefGroup = 2039023F25FB04740003DC68 /* Products */;
			projectDirPath = "";
			projectRoot = "";
			targets = (
				2039023D25FB04740003DC68 /* Gen Data */,
			);
		};
/* End PBXProject section */

/* Begin PBXResourcesBuildPhase section */
		2039023C25FB04740003DC68 /* Resources */ = {
			isa = PBXResourcesBuildPhase;
			buildActionMask = 2147483647;
			files = (
				208E67C625FB115500531FAD /* add.txt in Resources */,
				2039024625FB04750003DC68 /* Assets.xcassets in Resources */,
				20DD8AB025FBCA8600ADC307 /* ok.mp3 in Resources */,
				205F508C25FC772F000A2994 /* dem.mp3 in Resources */,
				2039024925FB04750003DC68 /* Main.storyboard in Resources */,
				20DD8AB125FBCA8600ADC307 /* doi.mp3 in Resources */,
			);
			runOnlyForDeploymentPostprocessing = 0;
		};
/* End PBXResourcesBuildPhase section */

/* Begin PBXSourcesBuildPhase section */
		2039023A25FB04740003DC68 /* Sources */ = {
			isa = PBXSourcesBuildPhase;
			buildActionMask = 2147483647;
			files = (
				2039024425FB04740003DC68 /* ViewController.swift in Sources */,
				20DD8AA125FBB05A00ADC307 /* CommonAuthorization.swift in Sources */,
				2039024225FB04740003DC68 /* AppDelegate.swift in Sources */,
			);
			runOnlyForDeploymentPostprocessing = 0;
		};
/* End PBXSourcesBuildPhase section */

/* Begin PBXVariantGroup section */
		2039024725FB04750003DC68 /* Main.storyboard */ = {
			isa = PBXVariantGroup;
			children = (
				2039024825FB04750003DC68 /* Base */,
			);
			name = Main.storyboard;
			sourceTree = "<group>";
		};
/* End PBXVariantGroup section */

/* Begin XCBuildConfiguration section */
		2039024C25FB04750003DC68 /* Debug */ = {
			isa = XCBuildConfiguration;
			buildSettings = {
				ALWAYS_SEARCH_USER_PATHS = NO;
				CLANG_ANALYZER_NONNULL = YES;
				CLANG_ANALYZER_NUMBER_OBJECT_CONVERSION = YES_AGGRESSIVE;
				CLANG_CXX_LANGUAGE_STANDARD = "gnu++14";
				CLANG_CXX_LIBRARY = "libc++";
				CLANG_ENABLE_MODULES = YES;
				CLANG_ENABLE_OBJC_ARC = YES;
				CLANG_ENABLE_OBJC_WEAK = YES;
				CLANG_WARN_BLOCK_CAPTURE_AUTORELEASING = YES;
				CLANG_WARN_BOOL_CONVERSION = YES;
				CLANG_WARN_COMMA = YES;
				CLANG_WARN_CONSTANT_CONVERSION = YES;
				CLANG_WARN_DEPRECATED_OBJC_IMPLEMENTATIONS = YES;
				CLANG_WARN_DIRECT_OBJC_ISA_USAGE = YES_ERROR;
				CLANG_WARN_DOCUMENTATION_COMMENTS = YES;
				CLANG_WARN_EMPTY_BODY = YES;
				CLANG_WARN_ENUM_CONVERSION = YES;
				CLANG_WARN_INFINITE_RECURSION = YES;
				CLANG_WARN_INT_CONVERSION = YES;
				CLANG_WARN_NON_LITERAL_NULL_CONVERSION = YES;
				CLANG_WARN_OBJC_IMPLICIT_RETAIN_SELF = YES;
				CLANG_WARN_OBJC_LITERAL_CONVERSION = YES;
				CLANG_WARN_OBJC_ROOT_CLASS = YES_ERROR;
				CLANG_WARN_QUOTED_INCLUDE_IN_FRAMEWORK_HEADER = YES;
				CLANG_WARN_RANGE_LOOP_ANALYSIS = YES;
				CLANG_WARN_STRICT_PROTOTYPES = YES;
				CLANG_WARN_SUSPICIOUS_MOVE = YES;
				CLANG_WARN_UNGUARDED_AVAILABILITY = YES_AGGRESSIVE;
				CLANG_WARN_UNREACHABLE_CODE = YES;
				CLANG_WARN__DUPLICATE_METHOD_MATCH = YES;
				COPY_PHASE_STRIP = NO;
				DEBUG_INFORMATION_FORMAT = dwarf;
				ENABLE_STRICT_OBJC_MSGSEND = YES;
				ENABLE_TESTABILITY = YES;
				GCC_C_LANGUAGE_STANDARD = gnu11;
				GCC_DYNAMIC_NO_PIC = NO;
				GCC_NO_COMMON_BLOCKS = YES;
				GCC_OPTIMIZATION_LEVEL = 0;
				GCC_PREPROCESSOR_DEFINITIONS = (
					"DEBUG=1",
					"$(inherited)",
				);
				GCC_WARN_64_TO_32_BIT_CONVERSION = YES;
				GCC_WARN_ABOUT_RETURN_TYPE = YES_ERROR;
				GCC_WARN_UNDECLARED_SELECTOR = YES;
				GCC_WARN_UNINITIALIZED_AUTOS = YES_AGGRESSIVE;
				GCC_WARN_UNUSED_FUNCTION = YES;
				GCC_WARN_UNUSED_VARIABLE = YES;
				MACOSX_DEPLOYMENT_TARGET = 11.1;
				MTL_ENABLE_DEBUG_INFO = INCLUDE_SOURCE;
				MTL_FAST_MATH = YES;
				ONLY_ACTIVE_ARCH = YES;
				SDKROOT = macosx;
				SWIFT_ACTIVE_COMPILATION_CONDITIONS = DEBUG;
				SWIFT_OPTIMIZATION_LEVEL = "-Onone";
			};
			name = Debug;
		};
		2039024D25FB04750003DC68 /* Release */ = {
			isa = XCBuildConfiguration;
			buildSettings = {
				ALWAYS_SEARCH_USER_PATHS = NO;
				CLANG_ANALYZER_NONNULL = YES;
				CLANG_ANALYZER_NUMBER_OBJECT_CONVERSION = YES_AGGRESSIVE;
				CLANG_CXX_LANGUAGE_STANDARD = "gnu++14";
				CLANG_CXX_LIBRARY = "libc++";
				CLANG_ENABLE_MODULES = YES;
				CLANG_ENABLE_OBJC_ARC = YES;
				CLANG_ENABLE_OBJC_WEAK = YES;
				CLANG_WARN_BLOCK_CAPTURE_AUTORELEASING = YES;
				CLANG_WARN_BOOL_CONVERSION = YES;
				CLANG_WARN_COMMA = YES;
				CLANG_WARN_CONSTANT_CONVERSION = YES;
				CLANG_WARN_DEPRECATED_OBJC_IMPLEMENTATIONS = YES;
				CLANG_WARN_DIRECT_OBJC_ISA_USAGE = YES_ERROR;
				CLANG_WARN_DOCUMENTATION_COMMENTS = YES;
				CLANG_WARN_EMPTY_BODY = YES;
				CLANG_WARN_ENUM_CONVERSION = YES;
				CLANG_WARN_INFINITE_RECURSION = YES;
				CLANG_WARN_INT_CONVERSION = YES;
				CLANG_WARN_NON_LITERAL_NULL_CONVERSION = YES;
				CLANG_WARN_OBJC_IMPLICIT_RETAIN_SELF = YES;
				CLANG_WARN_OBJC_LITERAL_CONVERSION = YES;
				CLANG_WARN_OBJC_ROOT_CLASS = YES_ERROR;
				CLANG_WARN_QUOTED_INCLUDE_IN_FRAMEWORK_HEADER = YES;
				CLANG_WARN_RANGE_LOOP_ANALYSIS = YES;
				CLANG_WARN_STRICT_PROTOTYPES = YES;
				CLANG_WARN_SUSPICIOUS_MOVE = YES;
				CLANG_WARN_UNGUARDED_AVAILABILITY = YES_AGGRESSIVE;
				CLANG_WARN_UNREACHABLE_CODE = YES;
				CLANG_WARN__DUPLICATE_METHOD_MATCH = YES;
				COPY_PHASE_STRIP = NO;
				DEBUG_INFORMATION_FORMAT = "dwarf-with-dsym";
				ENABLE_NS_ASSERTIONS = NO;
				ENABLE_STRICT_OBJC_MSGSEND = YES;
				GCC_C_LANGUAGE_STANDARD = gnu11;
				GCC_NO_COMMON_BLOCKS = YES;
				GCC_WARN_64_TO_32_BIT_CONVERSION = YES;
				GCC_WARN_ABOUT_RETURN_TYPE = YES_ERROR;
				GCC_WARN_UNDECLARED_SELECTOR = YES;
				GCC_WARN_UNINITIALIZED_AUTOS = YES_AGGRESSIVE;
				GCC_WARN_UNUSED_FUNCTION = YES;
				GCC_WARN_UNUSED_VARIABLE = YES;
				MACOSX_DEPLOYMENT_TARGET = 11.1;
				MTL_ENABLE_DEBUG_INFO = NO;
				MTL_FAST_MATH = YES;
				SDKROOT = macosx;
				SWIFT_COMPILATION_MODE = wholemodule;
				SWIFT_OPTIMIZATION_LEVEL = "-O";
			};
			name = Release;
		};
		2039024F25FB04750003DC68 /* Debug */ = {
			isa = XCBuildConfiguration;
			buildSettings = {
				ASSETCATALOG_COMPILER_APPICON_NAME = AppIcon;
				ASSETCATALOG_COMPILER_GLOBAL_ACCENT_COLOR_NAME = AccentColor;
				CODE_SIGN_ENTITLEMENTS = "Gen Data/Gen_Data.entitlements";
				CODE_SIGN_STYLE = Automatic;
				COMBINE_HIDPI_IMAGES = YES;
				CURRENT_PROJECT_VERSION = 1;
				DEVELOPMENT_TEAM = MMMG6T3Z8H;
				ENABLE_HARDENED_RUNTIME = YES;
				INFOPLIST_FILE = "Gen Data/Info.plist";
				LD_RUNPATH_SEARCH_PATHS = (
					"$(inherited)",
					"@executable_path/../Frameworks",
				);
				MARKETING_VERSION = 1.2;
				PRODUCT_BUNDLE_IDENTIFIER = "com.appbyquyen.Gen-Data";
				PRODUCT_NAME = "$(TARGET_NAME)";
				SWIFT_VERSION = 5.0;
			};
			name = Debug;
		};
		2039025025FB04750003DC68 /* Release */ = {
			isa = XCBuildConfiguration;
			buildSettings = {
				ASSETCATALOG_COMPILER_APPICON_NAME = AppIcon;
				ASSETCATALOG_COMPILER_GLOBAL_ACCENT_COLOR_NAME = AccentColor;
				CODE_SIGN_ENTITLEMENTS = "Gen Data/Gen_Data.entitlements";
				CODE_SIGN_STYLE = Automatic;
				COMBINE_HIDPI_IMAGES = YES;
				CURRENT_PROJECT_VERSION = 1;
				DEVELOPMENT_TEAM = MMMG6T3Z8H;
				ENABLE_HARDENED_RUNTIME = YES;
				INFOPLIST_FILE = "Gen Data/Info.plist";
				LD_RUNPATH_SEARCH_PATHS = (
					"$(inherited)",
					"@executable_path/../Frameworks",
				);
				MARKETING_VERSION = 1.2;
				PRODUCT_BUNDLE_IDENTIFIER = "com.appbyquyen.Gen-Data";
				PRODUCT_NAME = "$(TARGET_NAME)";
				SWIFT_VERSION = 5.0;
			};
			name = Release;
		};
/* End XCBuildConfiguration section */

/* Begin XCConfigurationList section */
		2039023925FB04740003DC68 /* Build configuration list for PBXProject "Gen Data" */ = {
			isa = XCConfigurationList;
			buildConfigurations = (
				2039024C25FB04750003DC68 /* Debug */,
				2039024D25FB04750003DC68 /* Release */,
			);
			defaultConfigurationIsVisible = 0;
			defaultConfigurationName = Release;
		};
		2039024E25FB04750003DC68 /* Build configuration list for PBXNativeTarget "Gen Data" */ = {
			isa = XCConfigurationList;
			buildConfigurations = (
				2039024F25FB04750003DC68 /* Debug */,
				2039025025FB04750003DC68 /* Release */,
			);
			defaultConfigurationIsVisible = 0;
			defaultConfigurationName = Release;
		};
/* End XCConfigurationList section */

/* Begin XCRemoteSwiftPackageReference section */
		205F508725FC720B000A2994 /* XCRemoteSwiftPackageReference "PromiseKit" */ = {
			isa = XCRemoteSwiftPackageReference;
			repositoryURL = "https://github.com/mxcl/PromiseKit.git";
			requirement = {
				kind = upToNextMajorVersion;
				minimumVersion = 6.13.3;
			};
		};
		20DD8A9C25FBAA8300ADC307 /* XCRemoteSwiftPackageReference "Alamofire" */ = {
			isa = XCRemoteSwiftPackageReference;
			repositoryURL = "https://github.com/Alamofire/Alamofire.git";
			requirement = {
				kind = upToNextMajorVersion;
				minimumVersion = 5.4.1;
			};
		};
/* End XCRemoteSwiftPackageReference section */

/* Begin XCSwiftPackageProductDependency section */
		205F508825FC720B000A2994 /* PromiseKit */ = {
			isa = XCSwiftPackageProductDependency;
			package = 205F508725FC720B000A2994 /* XCRemoteSwiftPackageReference "PromiseKit" */;
			productName = PromiseKit;
		};
		20DD8A9D25FBAA8300ADC307 /* Alamofire */ = {
			isa = XCSwiftPackageProductDependency;
			package = 20DD8A9C25FBAA8300ADC307 /* XCRemoteSwiftPackageReference "Alamofire" */;
			productName = Alamofire;
		};
/* End XCSwiftPackageProductDependency section */
	};
	rootObject = 2039023625FB04740003DC68 /* Project object */;
}
